{
  "name": "06",
  "version": "1.0.0",
  "lockfileVersion": 3,
  "requires": true,
  "packages": {
    "": {
      "name": "06",
      "version": "1.0.0",
      "license": "MIT",
      "dependencies": {
        "number-formatter": "^1.2.0"
      }
    },
    "node_modules/number-formatter": {
      "version": "1.2.0",
      "resolved": "https://registry.npmjs.org/number-formatter/-/number-formatter-1.2.0.tgz",
      "integrity": "sha512-o4wuRhqtPhx/K6lsYdzvOZob0aIQXc6kpO1wufUQI1Em3ctBLU4qMeQ4OWhkMC63Emo1GN1yJ7sEcsdIqc+Mbg=="
    }
  }
}
